// !$*UTF8*$!
{
	archiveVersion = 1;
	classes = {
	};
	objectVersion = 46;
	objects = {

/* Begin PBXBuildFile section */
		A8F5FB3D1BF272DF00C11F21 /* AppDelegate.swift in Sources */ = {isa = PBXBuildFile; fileRef = A8F5FB3C1BF272DF00C11F21 /* AppDelegate.swift */; };
		A8F5FB3F1BF272DF00C11F21 /* ViewController.swift in Sources */ = {isa = PBXBuildFile; fileRef = A8F5FB3E1BF272DF00C11F21 /* ViewController.swift */; };
		A8F5FB421BF272E000C11F21 /* Main.storyboard in Resources */ = {isa = PBXBuildFile; fileRef = A8F5FB401BF272E000C11F21 /* Main.storyboard */; };
		A8F5FB441BF272E000C11F21 /* Assets.xcassets in Resources */ = {isa = PBXBuildFile; fileRef = A8F5FB431BF272E000C11F21 /* Assets.xcassets */; };
		A8F5FB471BF272E000C11F21 /* LaunchScreen.storyboard in Resources */ = {isa = PBXBuildFile; fileRef = A8F5FB451BF272E000C11F21 /* LaunchScreen.storyboard */; };
/* End PBXBuildFile section */

/* Begin PBXFileReference section */
		A8F5FB391BF272DF00C11F21 /* CouchBaseTesting.app */ = {isa = PBXFileReference; explicitFileType = wrapper.application; includeInIndex = 0; path = CouchBaseTesting.app; sourceTree = BUILT_PRODUCTS_DIR; };
		A8F5FB3C1BF272DF00C11F21 /* AppDelegate.swift */ = {isa = PBXFileReference; lastKnownFileType = sourcecode.swift; path = AppDelegate.swift; sourceTree = "<group>"; };
		A8F5FB3E1BF272DF00C11F21 /* ViewController.swift */ = {isa = PBXFileReference; lastKnownFileType = sourcecode.swift; path = ViewController.swift; sourceTree = "<group>"; };
		A8F5FB411BF272E000C11F21 /* Base */ = {isa = PBXFileReference; lastKnownFileType = file.storyboard; name = Base; path = Base.lproj/Main.storyboard; sourceTree = "<group>"; };
		A8F5FB431BF272E000C11F21 /* Assets.xcassets */ = {isa = PBXFileReference; lastKnownFileType = folder.assetcatalog; path = Assets.xcassets; sourceTree = "<group>"; };
		A8F5FB461BF272E000C11F21 /* Base */ = {isa = PBXFileReference; lastKnownFileType = file.storyboard; name = Base; path = Base.lproj/LaunchScreen.storyboard; sourceTree = "<group>"; };
		A8F5FB481BF272E000C11F21 /* Info.plist */ = {isa = PBXFileReference; lastKnownFileType = text.plist.xml; path = Info.plist; sourceTree = "<group>"; };
/* End PBXFileReference section */

/* Begin PBXFrameworksBuildPhase section */
		A8F5FB361BF272DF00C11F21 /* Frameworks */ = {
			isa = PBXFrameworksBuildPhase;
			buildActionMask = 2147483647;
			files = (
			);
			runOnlyForDeploymentPostprocessing = 0;
		};
/* End PBXFrameworksBuildPhase section */

/* Begin PBXGroup section */
		A8F5FB301BF272DF00C11F21 = {
			isa = PBXGroup;
			children = (
				A8F5FB3B1BF272DF00C11F21 /* CouchBaseTesting */,
				A8F5FB3A1BF272DF00C11F21 /* Products */,
			);
			sourceTree = "<group>";
		};
		A8F5FB3A1BF272DF00C11F21 /* Products */ = {
			isa = PBXGroup;
			children = (
				A8F5FB391BF272DF00C11F21 /* CouchBaseTesting.app */,
			);
			name = Products;
			sourceTree = "<group>";
		};
		A8F5FB3B1BF272DF00C11F21 /* CouchBaseTesting */ = {
			isa = PBXGroup;
			children = (
				A8F5FB3C1BF272DF00C11F21 /* AppDelegate.swift */,
				A8F5FB3E1BF272DF00C11F21 /* ViewController.swift */,
				A8F5FB401BF272E000C11F21 /* Main.storyboard */,
				A8F5FB431BF272E000C11F21 /* Assets.xcassets */,
				A8F5FB451BF272E000C11F21 /* LaunchScreen.storyboard */,
				A8F5FB481BF272E000C11F21 /* Info.plist */,
			);
			path = CouchBaseTesting;
			sourceTree = "<group>";
		};
/* End PBXGroup section */

/* Begin PBXNativeTarget section */
		A8F5FB381BF272DF00C11F21 /* CouchBaseTesting */ = {
			isa = PBXNativeTarget;
			buildConfigurationList = A8F5FB4B1BF272E000C11F21 /* Build configuration list for PBXNativeTarget "CouchBaseTesting" */;
			buildPhases = (
				A8F5FB351BF272DF00C11F21 /* Sources */,
				A8F5FB361BF272DF00C11F21 /* Frameworks */,
				A8F5FB371BF272DF00C11F21 /* Resources */,
			);
			buildRules = (
			);
			dependencies = (
			);
			name = CouchBaseTesting;
			productName = CouchBaseTesting;
			productReference = A8F5FB391BF272DF00C11F21 /* CouchBaseTesting.app */;
			productType = "com.apple.product-type.application";
		};
/* End PBXNativeTarget section */

/* Begin PBXProject section */
		A8F5FB311BF272DF00C11F21 /* Project object */ = {
			isa = PBXProject;
			attributes = {
				LastUpgradeCheck = 0700;
				ORGANIZATIONNAME = "A23 Labs";
				TargetAttributes = {
					A8F5FB381BF272DF00C11F21 = {
						CreatedOnToolsVersion = 7.0;
					};
				};
			};
			buildConfigurationList = A8F5FB341BF272DF00C11F21 /* Build configuration list for PBXProject "CouchBaseTesting" */;
			compatibilityVersion = "Xcode 3.2";
			developmentRegion = English;
			hasScannedForEncodings = 0;
			knownRegions = (
				en,
				Base,
			);
			mainGroup = A8F5FB301BF272DF00C11F21;
			productRefGroup = A8F5FB3A1BF272DF00C11F21 /* Products */;
			projectDirPath = "";
			projectRoot = "";
			targets = (
				A8F5FB381BF272DF00C11F21 /* CouchBaseTesting */,
			);
		};
/* End PBXProject section */

/* Begin PBXResourcesBuildPhase section */
		A8F5FB371BF272DF00C11F21 /* Resources */ = {
			isa = PBXResourcesBuildPhase;
			buildActionMask = 2147483647;
			files = (
				A8F5FB471BF272E000C11F21 /* LaunchScreen.storyboard in Resources */,
				A8F5FB441BF272E000C11F21 /* Assets.xcassets in Resources */,
				A8F5FB421BF272E000C11F21 /* Main.storyboard in Resources */,
			);
			runOnlyForDeploymentPostprocessing = 0;
		};
/* End PBXResourcesBuildPhase section */

/* Begin PBXSourcesBuildPhase section */
		A8F5FB351BF272DF00C11F21 /* Sources */ = {
			isa = PBXSourcesBuildPhase;
			buildActionMask = 2147483647;
			files = (
				A8F5FB3F1BF272DF00C11F21 /* ViewController.swift in Sources */,
				A8F5FB3D1BF272DF00C11F21 /* AppDelegate.swift in Sources */,
			);
			runOnlyForDeploymentPostprocessing = 0;
		};
/* End PBXSourcesBuildPhase section */

/* Begin PBXVariantGroup section */
		A8F5FB401BF272E000C11F21 /* Main.storyboard */ = {
			isa = PBXVariantGroup;
			children = (
				A8F5FB411BF272E000C11F21 /* Base */,
			);
			name = Main.storyboard;
			sourceTree = "<group>";
		};
		A8F5FB451BF272E000C11F21 /* LaunchScreen.storyboard */ = {
			isa = PBXVariantGroup;
			children = (
				A8F5FB461BF272E000C11F21 /* Base */,
			);
			name = LaunchScreen.storyboard;
			sourceTree = "<group>";
		};
/* End PBXVariantGroup section */

/* Begin XCBuildConfiguration section */
		A8F5FB491BF272E000C11F21 /* Debug */ = {
			isa = XCBuildConfiguration;
			buildSettings = {
				ALWAYS_SEARCH_USER_PATHS = NO;
				CLANG_CXX_LANGUAGE_STANDARD = "gnu++0x";
				CLANG_CXX_LIBRARY = "libc++";
				CLANG_ENABLE_MODULES = YES;
				CLANG_ENABLE_OBJC_ARC = YES;
				CLANG_WARN_BOOL_CONVERSION = YES;
				CLANG_WARN_CONSTANT_CONVERSION = YES;
				CLANG_WARN_DIRECT_OBJC_ISA_USAGE = YES_ERROR;
				CLANG_WARN_EMPTY_BODY = YES;
				CLANG_WARN_ENUM_CONVERSION = YES;
				CLANG_WARN_INT_CONVERSION = YES;
				CLANG_WARN_OBJC_ROOT_CLASS = YES_ERROR;
				CLANG_WARN_UNREACHABLE_CODE = YES;
				CLANG_WARN__DUPLICATE_METHOD_MATCH = YES;
				"CODE_SIGN_IDENTITY[sdk=iphoneos*]" = "iPhone Developer";
				COPY_PHASE_STRIP = NO;
				DEBUG_INFORMATION_FORMAT = dwarf;
				ENABLE_STRICT_OBJC_MSGSEND = YES;
				ENABLE_TESTABILITY = YES;
				GCC_C_LANGUAGE_STANDARD = gnu99;
				GCC_DYNAMIC_NO_PIC = NO;
				GCC_NO_COMMON_BLOCKS = YES;
				GCC_OPTIMIZATION_LEVEL = 0;
				GCC_PREPROCESSOR_DEFINITIONS = (
					"DEBUG=1",
					"$(inherited)",
				);
				GCC_WARN_64_TO_32_BIT_CONVERSION = YES;
				GCC_WARN_ABOUT_RETURN_TYPE = YES_ERROR;
				GCC_WARN_UNDECLARED_SELECTOR = YES;
				GCC_WARN_UNINITIALIZED_AUTOS = YES_AGGRESSIVE;
				GCC_WARN_UNUSED_FUNCTION = YES;
				GCC_WARN_UNUSED_VARIABLE = YES;
				IPHONEOS_DEPLOYMENT_TARGET = 9.0;
				MTL_ENABLE_DEBUG_INFO = YES;
				ONLY_ACTIVE_ARCH = YES;
				SDKROOT = iphoneos;
				SWIFT_OPTIMIZATION_LEVEL = "-Onone";
			};
			name = Debug;
		};
		A8F5FB4A1BF272E000C11F21 /* Release */ = {
			isa = XCBuildConfiguration;
			buildSettings = {
				ALWAYS_SEARCH_USER_PATHS = NO;
				CLANG_CXX_LANGUAGE_STANDARD = "gnu++0x";
				CLANG_CXX_LIBRARY = "libc++";
				CLANG_ENABLE_MODULES = YES;
				CLANG_ENABLE_OBJC_ARC = YES;
				CLANG_WARN_BOOL_CONVERSION = YES;
				CLANG_WARN_CONSTANT_CONVERSION = YES;
				CLANG_WARN_DIRECT_OBJC_ISA_USAGE = YES_ERROR;
				CLANG_WARN_EMPTY_BODY = YES;
				CLANG_WARN_ENUM_CONVERSION = YES;
				CLANG_WARN_INT_CONVERSION = YES;
				CLANG_WARN_OBJC_ROOT_CLASS = YES_ERROR;
				CLANG_WARN_UNREACHABLE_CODE = YES;
				CLANG_WARN__DUPLICATE_METHOD_MATCH = YES;
				"CODE_SIGN_IDENTITY[sdk=iphoneos*]" = "iPhone Developer";
				COPY_PHASE_STRIP = NO;
				DEBUG_INFORMATION_FORMAT = "dwarf-with-dsym";
				ENABLE_NS_ASSERTIONS = NO;
				ENABLE_STRICT_OBJC_MSGSEND = YES;
				GCC_C_LANGUAGE_STANDARD = gnu99;
				GCC_NO_COMMON_BLOCKS = YES;
				GCC_WARN_64_TO_32_BIT_CONVERSION = YES;
				GCC_WARN_ABOUT_RETURN_TYPE = YES_ERROR;
				GCC_WARN_UNDECLARED_SELECTOR = YES;
				GCC_WARN_UNINITIALIZED_AUTOS = YES_AGGRESSIVE;
				GCC_WARN_UNUSED_FUNCTION = YES;
				GCC_WARN_UNUSED_VARIABLE = YES;
				IPHONEOS_DEPLOYMENT_TARGET = 9.0;
				MTL_ENABLE_DEBUG_INFO = NO;
				SDKROOT = iphoneos;
				VALIDATE_PRODUCT = YES;
			};
			name = Release;
		};
		A8F5FB4C1BF272E000C11F21 /* Debug */ = {
			isa = XCBuildConfiguration;
			buildSettings = {
				ASSETCATALOG_COMPILER_APPICON_NAME = AppIcon;
				INFOPLIST_FILE = CouchBaseTesting/Info.plist;
				LD_RUNPATH_SEARCH_PATHS = "$(inherited) @executable_path/Frameworks";
				PRODUCT_BUNDLE_IDENTIFIER = com.a23labs.CouchBaseTesting;
				PRODUCT_NAME = "$(TARGET_NAME)";
			};
			name = Debug;
		};
		A8F5FB4D1BF272E000C11F21 /* Release */ = {
			isa = XCBuildConfiguration;
			buildSettings = {
				ASSETCATALOG_COMPILER_APPICON_NAME = AppIcon;
				INFOPLIST_FILE = CouchBaseTesting/Info.plist;
				LD_RUNPATH_SEARCH_PATHS = "$(inherited) @executable_path/Frameworks";
				PRODUCT_BUNDLE_IDENTIFIER = com.a23labs.CouchBaseTesting;
				PRODUCT_NAME = "$(TARGET_NAME)";
			};
			name = Release;
		};
/* End XCBuildConfiguration section */

/* Begin XCConfigurationList section */
		A8F5FB341BF272DF00C11F21 /* Build configuration list for PBXProject "CouchBaseTesting" */ = {
			isa = XCConfigurationList;
			buildConfigurations = (
				A8F5FB491BF272E000C11F21 /* Debug */,
				A8F5FB4A1BF272E000C11F21 /* Release */,
			);
			defaultConfigurationIsVisible = 0;
			defaultConfigurationName = Release;
		};
		A8F5FB4B1BF272E000C11F21 /* Build configuration list for PBXNativeTarget "CouchBaseTesting" */ = {
			isa = XCConfigurationList;
			buildConfigurations = (
				A8F5FB4C1BF272E000C11F21 /* Debug */,
				A8F5FB4D1BF272E000C11F21 /* Release */,
			);
			defaultConfigurationIsVisible = 0;
		};
/* End XCConfigurationList section */
	};
	rootObject = A8F5FB311BF272DF00C11F21 /* Project object */;
}
